# This file is automatically @generated by Poetry 1.4.2 and should not be changed by hand.

[[package]]
name = "asgiref"
version = "3.6.0"
description = "ASGI specs, helper code, and adapters"
category = "main"
optional = false
python-versions = ">=3.7"
files = [
    {file = "asgiref-3.6.0-py3-none-any.whl", hash = "sha256:71e68008da809b957b7ee4b43dbccff33d1b23519fb8344e33f049897077afac"},
    {file = "asgiref-3.6.0.tar.gz", hash = "sha256:9567dfe7bd8d3c8c892227827c41cce860b368104c3431da67a0c5a65a949506"},
]

[package.extras]
tests = ["mypy (>=0.800)", "pytest", "pytest-asyncio"]

[[package]]
name = "boto3"
version = "1.26.126"
description = "The AWS SDK for Python"
category = "main"
optional = false
python-versions = ">= 3.7"
files = [
    {file = "boto3-1.26.126-py3-none-any.whl", hash = "sha256:a0a049d16dabf559bd86d4622a985549154c6918f779f373fb7588bd3cf1272d"},
    {file = "boto3-1.26.126.tar.gz", hash = "sha256:ea7dc518399106ee300b867596c92d2b7b498ee7721db935915cdd53339a9f92"},
]

[package.dependencies]
botocore = ">=1.29.126,<1.30.0"
jmespath = ">=0.7.1,<2.0.0"
s3transfer = ">=0.6.0,<0.7.0"

[package.extras]
crt = ["botocore[crt] (>=1.21.0,<2.0a0)"]

[[package]]
name = "botocore"
version = "1.29.126"
description = "Low-level, data-driven core of boto 3."
category = "main"
optional = false
python-versions = ">= 3.7"
files = [
    {file = "botocore-1.29.126-py3-none-any.whl", hash = "sha256:a2c5cedb26b364386d02f9ed0a3492da6a322a82e539e54600fbc7190a49660d"},
    {file = "botocore-1.29.126.tar.gz", hash = "sha256:e7549da5d69b37e8e1f63fcc18fbb9b23f05db8dcb4118019497eee4dad57ff7"},
]

[package.dependencies]
jmespath = ">=0.7.1,<2.0.0"
python-dateutil = ">=2.1,<3.0.0"
urllib3 = ">=1.25.4,<1.27"

[package.extras]
crt = ["awscrt (==0.16.9)"]

[[package]]
name = "cmake"
version = "3.26.3"
description = "CMake is an open-source, cross-platform family of tools designed to build, test and package software"
category = "main"
optional = false
python-versions = "*"
files = [
    {file = "cmake-3.26.3-py2.py3-none-macosx_10_10_universal2.macosx_10_10_x86_64.macosx_11_0_arm64.macosx_11_0_universal2.whl", hash = "sha256:9d38ea5b4999f8f042a071bea3e213f085bac26d7ab54cb5a4c6a193c4baf132"},
    {file = "cmake-3.26.3-py2.py3-none-manylinux2010_i686.manylinux_2_12_i686.whl", hash = "sha256:6e5fcd1cfaac33d015e2709e0dd1b7ad352a315367012ac359c9adc062cf075b"},
    {file = "cmake-3.26.3-py2.py3-none-manylinux2010_x86_64.manylinux_2_12_x86_64.whl", hash = "sha256:4d3185738a6405aa15801e684f8d589b00570da4cc676cb1b5bbc902e3023e53"},
    {file = "cmake-3.26.3-py2.py3-none-manylinux2014_aarch64.manylinux_2_17_aarch64.whl", hash = "sha256:b20f7f7ea316ce7bb158df0e3c3453cfab5048939f1291017d16a8a36ad33ae6"},
    {file = "cmake-3.26.3-py2.py3-none-manylinux2014_i686.manylinux_2_17_i686.whl", hash = "sha256:46aa385e19c9e4fc95d7d6ce5ee0bbe0d69bdeac4e9bc95c61f78f3973c2f626"},
    {file = "cmake-3.26.3-py2.py3-none-manylinux2014_ppc64le.manylinux_2_17_ppc64le.whl", hash = "sha256:71e1df5587ad860b9829211380c42fc90ef2413363f12805b1fa2d87769bf876"},
    {file = "cmake-3.26.3-py2.py3-none-manylinux2014_s390x.manylinux_2_17_s390x.whl", hash = "sha256:543b6958d1615327f484a07ab041029b1740918a8baa336adc9f5f0cbcd8fbd8"},
    {file = "cmake-3.26.3-py2.py3-none-manylinux2014_x86_64.manylinux_2_17_x86_64.whl", hash = "sha256:1bc7b47456256bdcc41069f5c658f232bd6e15bf4796d115f6ec98800793daff"},
    {file = "cmake-3.26.3-py2.py3-none-musllinux_1_1_aarch64.whl", hash = "sha256:2ae3db2c2be50fdaf0c9f3a23b2206e9dcd55ca124f16486a841b939f50b595e"},
    {file = "cmake-3.26.3-py2.py3-none-musllinux_1_1_i686.whl", hash = "sha256:1798547b23b89030518c5668dc55aed0e1d01867cf91d7a94e15d33f62a56fd0"},
    {file = "cmake-3.26.3-py2.py3-none-musllinux_1_1_ppc64le.whl", hash = "sha256:d3017a08e6ba53ec2486d89a7953a81d4c4a068fc9f29d83e209f295dd9c59f3"},
    {file = "cmake-3.26.3-py2.py3-none-musllinux_1_1_s390x.whl", hash = "sha256:a922a6f6c1580d0db17b0b75f82e619441dd43c7f1d6a35f7d27e709db48bdbb"},
    {file = "cmake-3.26.3-py2.py3-none-musllinux_1_1_x86_64.whl", hash = "sha256:e0ed796530641c8a21a423f9bb7882117dbbeee11ec78dbc335402a678d937ae"},
    {file = "cmake-3.26.3-py2.py3-none-win32.whl", hash = "sha256:27a6fa1b97744311a7993d6a1e0ce14bd73696dab9ceb96701f1ec11edbd5053"},
    {file = "cmake-3.26.3-py2.py3-none-win_amd64.whl", hash = "sha256:cf910bbb488659d300c86b1dac77e44eeb0457bde2cf76a42d7e51f691544b21"},
    {file = "cmake-3.26.3-py2.py3-none-win_arm64.whl", hash = "sha256:24741a304ada699b339034958777d9a1472ac8ddb9b6194d74f814287ca091ae"},
    {file = "cmake-3.26.3.tar.gz", hash = "sha256:b54cde1f1c0573321b22382bd2ffaf5d08f65188572d128cd4867fb9669723c5"},
]

[package.extras]
test = ["codecov (>=2.0.5)", "coverage (>=4.2)", "flake8 (>=3.0.4)", "path.py (>=11.5.0)", "pytest (>=3.0.3)", "pytest-cov (>=2.4.0)", "pytest-runner (>=2.9)", "pytest-virtualenv (>=1.7.0)", "scikit-build (>=0.10.0)", "setuptools (>=28.0.0)", "virtualenv (>=15.0.3)", "wheel"]

[[package]]
name = "django"
version = "4.2"
description = "A high-level Python web framework that encourages rapid development and clean, pragmatic design."
category = "main"
optional = false
python-versions = ">=3.8"
files = [
    {file = "Django-4.2-py3-none-any.whl", hash = "sha256:ad33ed68db9398f5dfb33282704925bce044bef4261cd4fb59e4e7f9ae505a78"},
    {file = "Django-4.2.tar.gz", hash = "sha256:c36e2ab12824e2ac36afa8b2515a70c53c7742f0d6eaefa7311ec379558db997"},
]

[package.dependencies]
asgiref = ">=3.6.0,<4"
sqlparse = ">=0.3.1"
tzdata = {version = "*", markers = "sys_platform == \"win32\""}

[package.extras]
argon2 = ["argon2-cffi (>=19.1.0)"]
bcrypt = ["bcrypt"]

[[package]]
name = "django-cors-headers"
version = "4.0.0"
description = "django-cors-headers is a Django application for handling the server headers required for Cross-Origin Resource Sharing (CORS)."
category = "main"
optional = false
python-versions = ">=3.7"
files = [
    {file = "django_cors_headers-4.0.0-py3-none-any.whl", hash = "sha256:e3cbd247a1a835da4cf71a70d4214378813ea7e08337778b82cb2c1bc19d28d6"},
    {file = "django_cors_headers-4.0.0.tar.gz", hash = "sha256:a971cd4c75b29974068cc36b5c595698822f1e0edd5f1b32ea42ea37326ad4aa"},
]

[package.dependencies]
Django = ">=3.2"

[[package]]
name = "django-environ"
version = "0.10.0"
description = "A package that allows you to utilize 12factor inspired environment variables to configure your Django application."
category = "main"
optional = false
python-versions = ">=3.5,<4"
files = [
    {file = "django-environ-0.10.0.tar.gz", hash = "sha256:b3559a91439c9d774a9e0c1ced872364772c612cdf6dc919506a2b13f7a77225"},
    {file = "django_environ-0.10.0-py2.py3-none-any.whl", hash = "sha256:510f8c9c1d0a38b0815f91504270c29440a0cf44fab07f55942fa8d31bbb9be6"},
]

[package.extras]
develop = ["coverage[toml] (>=5.0a4)", "furo (>=2021.8.17b43,<2021.9.0)", "pytest (>=4.6.11)", "sphinx (>=3.5.0)", "sphinx-notfound-page"]
docs = ["furo (>=2021.8.17b43,<2021.9.0)", "sphinx (>=3.5.0)", "sphinx-notfound-page"]
testing = ["coverage[toml] (>=5.0a4)", "pytest (>=4.6.11)"]

[[package]]
name = "django-storages"
version = "1.13.2"
description = "Support for many storage backends in Django"
category = "main"
optional = false
python-versions = ">=3.7"
files = [
    {file = "django-storages-1.13.2.tar.gz", hash = "sha256:cbadd15c909ceb7247d4ffc503f12a9bec36999df8d0bef7c31e57177d512688"},
    {file = "django_storages-1.13.2-py3-none-any.whl", hash = "sha256:31dc5a992520be571908c4c40d55d292660ece3a55b8141462b4e719aa38eab3"},
]

[package.dependencies]
Django = ">=3.2"

[package.extras]
azure = ["azure-storage-blob (>=12.0.0)"]
boto3 = ["boto3 (>=1.4.4)"]
dropbox = ["dropbox (>=7.2.1)"]
google = ["google-cloud-storage (>=1.27.0)"]
libcloud = ["apache-libcloud"]
sftp = ["paramiko (>=1.10.0)"]

[[package]]
name = "djangorestframework"
version = "3.14.0"
description = "Web APIs for Django, made easy."
category = "main"
optional = false
python-versions = ">=3.6"
files = [
    {file = "djangorestframework-3.14.0-py3-none-any.whl", hash = "sha256:eb63f58c9f218e1a7d064d17a70751f528ed4e1d35547fdade9aaf4cd103fd08"},
    {file = "djangorestframework-3.14.0.tar.gz", hash = "sha256:579a333e6256b09489cbe0a067e66abe55c6595d8926be6b99423786334350c8"},
]

[package.dependencies]
django = ">=3.0"
pytz = "*"

[[package]]
name = "gunicorn"
version = "20.1.0"
description = "WSGI HTTP Server for UNIX"
category = "main"
optional = false
python-versions = ">=3.5"
files = [
    {file = "gunicorn-20.1.0-py3-none-any.whl", hash = "sha256:9dcc4547dbb1cb284accfb15ab5667a0e5d1881cc443e0677b4882a4067a807e"},
    {file = "gunicorn-20.1.0.tar.gz", hash = "sha256:e0a968b5ba15f8a328fdfd7ab1fcb5af4470c28aaf7e55df02a99bc13138e6e8"},
]

[package.dependencies]
setuptools = ">=3.0"

[package.extras]
eventlet = ["eventlet (>=0.24.1)"]
gevent = ["gevent (>=1.4.0)"]
setproctitle = ["setproctitle"]
tornado = ["tornado (>=0.2)"]

[[package]]
name = "jmespath"
version = "1.0.1"
description = "JSON Matching Expressions"
category = "main"
optional = false
python-versions = ">=3.7"
files = [
    {file = "jmespath-1.0.1-py3-none-any.whl", hash = "sha256:02e2e4cc71b5bcab88332eebf907519190dd9e6e82107fa7f83b1003a6252980"},
    {file = "jmespath-1.0.1.tar.gz", hash = "sha256:90261b206d6defd58fdd5e85f478bf633a2901798906be2ad389150c5c60edbe"},
]

[[package]]
name = "mysqlclient"
version = "2.1.1"
description = "Python interface to MySQL"
category = "main"
optional = false
python-versions = ">=3.5"
files = [
    {file = "mysqlclient-2.1.1-cp310-cp310-win_amd64.whl", hash = "sha256:c1ed71bd6244993b526113cca3df66428609f90e4652f37eb51c33496d478b37"},
    {file = "mysqlclient-2.1.1-cp311-cp311-win_amd64.whl", hash = "sha256:c812b67e90082a840efb82a8978369e6e69fc62ce1bda4ca8f3084a9d862308b"},
    {file = "mysqlclient-2.1.1-cp38-cp38-win_amd64.whl", hash = "sha256:0d1cd3a5a4d28c222fa199002810e8146cffd821410b67851af4cc80aeccd97c"},
    {file = "mysqlclient-2.1.1-cp39-cp39-win_amd64.whl", hash = "sha256:b355c8b5a7d58f2e909acdbb050858390ee1b0e13672ae759e5e784110022994"},
    {file = "mysqlclient-2.1.1-pp38-pypy38_pp73-win_amd64.whl", hash = "sha256:996924f3483fd36a34a5812210c69e71dea5a3d5978d01199b78b7f6d485c855"},
    {file = "mysqlclient-2.1.1-pp39-pypy39_pp73-win_amd64.whl", hash = "sha256:dea88c8d3f5a5d9293dfe7f087c16dd350ceb175f2f6631c9cf4caf3e19b7a96"},
    {file = "mysqlclient-2.1.1.tar.gz", hash = "sha256:828757e419fb11dd6c5ed2576ec92c3efaa93a0f7c39e263586d1ee779c3d782"},
]

[[package]]
name = "pymysql"
version = "1.0.3"
description = "Pure Python MySQL Driver"
category = "main"
optional = false
python-versions = ">=3.7"
files = [
    {file = "PyMySQL-1.0.3-py3-none-any.whl", hash = "sha256:89fc6ae41c0aeb6e1f7710cdd623702ea2c54d040565767a78b00a5ebb12f4e5"},
    {file = "PyMySQL-1.0.3.tar.gz", hash = "sha256:3dda943ef3694068a75d69d071755dbecacee1adf9a1fc5b206830d2b67d25e8"},
]

[package.extras]
ed25519 = ["PyNaCl (>=1.4.0)"]
rsa = ["cryptography"]

[[package]]
name = "python-dateutil"
version = "2.8.2"
description = "Extensions to the standard Python datetime module"
category = "main"
optional = false
python-versions = "!=3.0.*,!=3.1.*,!=3.2.*,>=2.7"
files = [
    {file = "python-dateutil-2.8.2.tar.gz", hash = "sha256:0123cacc1627ae19ddf3c27a5de5bd67ee4586fbdd6440d9748f8abb483d3e86"},
    {file = "python_dateutil-2.8.2-py2.py3-none-any.whl", hash = "sha256:961d03dc3453ebbc59dbdea9e4e11c5651520a876d0f4db161e8674aae935da9"},
]

[package.dependencies]
six = ">=1.5"

[[package]]
name = "pytz"
version = "2023.3"
description = "World timezone definitions, modern and historical"
category = "main"
optional = false
python-versions = "*"
files = [
    {file = "pytz-2023.3-py2.py3-none-any.whl", hash = "sha256:a151b3abb88eda1d4e34a9814df37de2a80e301e68ba0fd856fb9b46bfbbbffb"},
    {file = "pytz-2023.3.tar.gz", hash = "sha256:1d8ce29db189191fb55338ee6d0387d82ab59f3d00eac103412d64e0ebd0c588"},
]

[[package]]
name = "s3transfer"
version = "0.6.0"
description = "An Amazon S3 Transfer Manager"
category = "main"
optional = false
python-versions = ">= 3.7"
files = [
    {file = "s3transfer-0.6.0-py3-none-any.whl", hash = "sha256:06176b74f3a15f61f1b4f25a1fc29a4429040b7647133a463da8fa5bd28d5ecd"},
    {file = "s3transfer-0.6.0.tar.gz", hash = "sha256:2ed07d3866f523cc561bf4a00fc5535827981b117dd7876f036b0c1aca42c947"},
]

[package.dependencies]
botocore = ">=1.12.36,<2.0a.0"

[package.extras]
crt = ["botocore[crt] (>=1.20.29,<2.0a.0)"]

[[package]]
name = "setuptools"
version = "67.6.1"
description = "Easily download, build, install, upgrade, and uninstall Python packages"
category = "main"
optional = false
python-versions = ">=3.7"
files = [
    {file = "setuptools-67.6.1-py3-none-any.whl", hash = "sha256:e728ca814a823bf7bf60162daf9db95b93d532948c4c0bea762ce62f60189078"},
    {file = "setuptools-67.6.1.tar.gz", hash = "sha256:257de92a9d50a60b8e22abfcbb771571fde0dbf3ec234463212027a4eeecbe9a"},
]

[package.extras]
docs = ["furo", "jaraco.packaging (>=9)", "jaraco.tidelift (>=1.4)", "pygments-github-lexers (==0.0.5)", "rst.linker (>=1.9)", "sphinx (>=3.5)", "sphinx-favicon", "sphinx-hoverxref (<2)", "sphinx-inline-tabs", "sphinx-lint", "sphinx-notfound-page (==0.8.3)", "sphinx-reredirects", "sphinxcontrib-towncrier"]
testing = ["build[virtualenv]", "filelock (>=3.4.0)", "flake8 (<5)", "flake8-2020", "ini2toml[lite] (>=0.9)", "jaraco.envs (>=2.2)", "jaraco.path (>=3.2.0)", "pip (>=19.1)", "pip-run (>=8.8)", "pytest (>=6)", "pytest-black (>=0.3.7)", "pytest-checkdocs (>=2.4)", "pytest-cov", "pytest-enabler (>=1.3)", "pytest-flake8", "pytest-mypy (>=0.9.1)", "pytest-perf", "pytest-timeout", "pytest-xdist", "tomli-w (>=1.0.0)", "virtualenv (>=13.0.0)", "wheel"]
testing-integration = ["build[virtualenv]", "filelock (>=3.4.0)", "jaraco.envs (>=2.2)", "jaraco.path (>=3.2.0)", "pytest", "pytest-enabler", "pytest-xdist", "tomli", "virtualenv (>=13.0.0)", "wheel"]

[[package]]
name = "six"
version = "1.16.0"
description = "Python 2 and 3 compatibility utilities"
category = "main"
optional = false
python-versions = ">=2.7, !=3.0.*, !=3.1.*, !=3.2.*"
files = [
    {file = "six-1.16.0-py2.py3-none-any.whl", hash = "sha256:8abb2f1d86890a2dfb989f9a77cfcfd3e47c2a354b01111771326f8aa26e0254"},
    {file = "six-1.16.0.tar.gz", hash = "sha256:1e61c37477a1626458e36f7b1d82aa5c9b094fa4802892072e49de9c60c4c926"},
]

[[package]]
name = "sqlparse"
version = "0.4.3"
description = "A non-validating SQL parser."
category = "main"
optional = false
python-versions = ">=3.5"
files = [
    {file = "sqlparse-0.4.3-py3-none-any.whl", hash = "sha256:0323c0ec29cd52bceabc1b4d9d579e311f3e4961b98d174201d5622a23b85e34"},
    {file = "sqlparse-0.4.3.tar.gz", hash = "sha256:69ca804846bb114d2ec380e4360a8a340db83f0ccf3afceeb1404df028f57268"},
]

[[package]]
name = "tzdata"
version = "2023.3"
description = "Provider of IANA time zone data"
category = "main"
optional = false
python-versions = ">=2"
files = [
    {file = "tzdata-2023.3-py2.py3-none-any.whl", hash = "sha256:7e65763eef3120314099b6939b5546db7adce1e7d6f2e179e3df563c70511eda"},
    {file = "tzdata-2023.3.tar.gz", hash = "sha256:11ef1e08e54acb0d4f95bdb1be05da659673de4acbd21bf9c69e94cc5e907a3a"},
]

[[package]]
name = "urllib3"
version = "1.26.15"
description = "HTTP library with thread-safe connection pooling, file post, and more."
category = "main"
optional = false
python-versions = ">=2.7, !=3.0.*, !=3.1.*, !=3.2.*, !=3.3.*, !=3.4.*, !=3.5.*"
files = [
    {file = "urllib3-1.26.15-py2.py3-none-any.whl", hash = "sha256:aa751d169e23c7479ce47a0cb0da579e3ede798f994f5816a74e4f4500dcea42"},
    {file = "urllib3-1.26.15.tar.gz", hash = "sha256:8a388717b9476f934a21484e8c8e61875ab60644d29b9b39e11e4b9dc1c6b305"},
]

[package.extras]
brotli = ["brotli (>=1.0.9)", "brotlicffi (>=0.8.0)", "brotlipy (>=0.6.0)"]
secure = ["certifi", "cryptography (>=1.3.4)", "idna (>=2.0.0)", "ipaddress", "pyOpenSSL (>=0.14)", "urllib3-secure-extra"]
socks = ["PySocks (>=1.5.6,!=1.5.7,<2.0)"]

[[package]]
name = "uwsgi"
version = "2.0.21"
description = "The uWSGI server"
category = "main"
optional = false
python-versions = "*"
files = [
    {file = "uwsgi-2.0.21.tar.gz", hash = "sha256:35a30d83791329429bc04fe44183ce4ab512fcf6968070a7bfba42fc5a0552a9"},
]

[[package]]
name = "wheel"
version = "0.40.0"
description = "A built-package format for Python"
category = "main"
optional = false
python-versions = ">=3.7"
files = [
    {file = "wheel-0.40.0-py3-none-any.whl", hash = "sha256:d236b20e7cb522daf2390fa84c55eea81c5c30190f90f29ae2ca1ad8355bf247"},
    {file = "wheel-0.40.0.tar.gz", hash = "sha256:cd1196f3faee2b31968d626e1731c94f99cbdb67cf5a46e4f5656cbee7738873"},
]

[package.extras]
test = ["pytest (>=6.0.0)"]

[metadata]
lock-version = "2.0"
python-versions = "^3.10.6"
content-hash = "3f66a22cd2db5578f16a7fb31d89fc4082bf310e863713225e8bb169143b0734"
